
Microsoft Visual Studio Solution File, Format Version 12.00
# Visual Studio Version 17
VisualStudioVersion = 17.0.31903.59
MinimumVisualStudioVersion = 10.0.40219.1
Project("{9A19103F-16F7-4668-BE54-9A1E7A4F7556}") = "Azure.Iot.Operations.ProtocolCompiler", "src\Azure.Iot.Operations.ProtocolCompiler\Azure.Iot.Operations.ProtocolCompiler.csproj", "{C774E83A-0CEB-4B2E-BC3A-8E9F1B06BB97}"
EndProject
Project("{9A19103F-16F7-4668-BE54-9A1E7A4F7556}") = "Azure.Iot.Operations.ProtocolCompiler.UnitTests", "test\ProtocolCompiler.UnitTests\Azure.Iot.Operations.ProtocolCompiler.UnitTests.csproj", "{153379DE-7A0F-421C-AC35-7E332BCCA078}"
EndProject
Project("{2150E333-8FDC-42A3-9474-1A3956D46DE8}") = "tests", "tests", "{45F99640-9B7E-4DAA-870F-95920FD367D7}"
EndProject
Global
	GlobalSection(SolutionConfigurationPlatforms) = preSolution
		Debug|Any CPU = Debug|Any CPU
		Release|Any CPU = Release|Any CPU
	EndGlobalSection
	GlobalSection(ProjectConfigurationPlatforms) = postSolution
		{C774E83A-0CEB-4B2E-BC3A-8E9F1B06BB97}.Debug|Any CPU.ActiveCfg = Debug|Any CPU
		{C774E83A-0CEB-4B2E-BC3A-8E9F1B06BB97}.Debug|Any CPU.Build.0 = Debug|Any CPU
		{C774E83A-0CEB-4B2E-BC3A-8E9F1B06BB97}.Release|Any CPU.ActiveCfg = Release|Any CPU
		{C774E83A-0CEB-4B2E-BC3A-8E9F1B06BB97}.Release|Any CPU.Build.0 = Release|Any CPU
		{153379DE-7A0F-421C-AC35-7E332BCCA078}.Debug|Any CPU.ActiveCfg = Debug|Any CPU
		{153379DE-7A0F-421C-AC35-7E332BCCA078}.Debug|Any CPU.Build.0 = Debug|Any CPU
		{153379DE-7A0F-421C-AC35-7E332BCCA078}.Release|Any CPU.ActiveCfg = Release|Any CPU
		{153379DE-7A0F-421C-AC35-7E332BCCA078}.Release|Any CPU.Build.0 = Release|Any CPU
	EndGlobalSection
	GlobalSection(SolutionProperties) = preSolution
		HideSolutionNode = FALSE
	EndGlobalSection
	GlobalSection(NestedProjects) = preSolution
		{153379DE-7A0F-421C-AC35-7E332BCCA078} = {45F99640-9B7E-4DAA-870F-95920FD367D7}
	EndGlobalSection
EndGlobal
