
Microsoft Visual Studio Solution File, Format Version 12.00
# Visual Studio Version 17
VisualStudioVersion = 17.5.33627.172
MinimumVisualStudioVersion = 10.0.40219.1
Project("{2150E333-8FDC-42A3-9474-1A3956D46DE8}") = "src", "src", "{1A010448-5B06-42B9-95FE-C31008C700FB}"
EndProject
Project("{2150E333-8FDC-42A3-9474-1A3956D46DE8}") = "samples", "samples", "{9126F576-80AE-48DC-8A84-EFC8B487D809}"
EndProject
Project("{9A19103F-16F7-4668-BE54-9A1E7A4F7556}") = "Azure.Iot.Operations.Protocol", "src\Azure.Iot.Operations.Protocol\Azure.Iot.Operations.Protocol.csproj", "{A9E40F4D-8AC8-4565-A45A-AAD83BF3D4CE}"
EndProject
Project("{9A19103F-16F7-4668-BE54-9A1E7A4F7556}") = "Azure.Iot.Operations.Protocol.UnitTests", "test\Azure.Iot.Operations.Protocol.UnitTests\Azure.Iot.Operations.Protocol.UnitTests.csproj", "{E0398C4A-5E7D-4AF3-8F14-B3FF973D8DD4}"
EndProject
Project("{9A19103F-16F7-4668-BE54-9A1E7A4F7556}") = "Azure.Iot.Operations.Protocol.IntegrationTests", "test\Azure.Iot.Operations.Protocol.IntegrationTests\Azure.Iot.Operations.Protocol.IntegrationTests.csproj", "{895319CC-F1BD-4CFB-B225-07EBB820E015}"
EndProject
Project("{9A19103F-16F7-4668-BE54-9A1E7A4F7556}") = "SampleClient", "samples\SampleClient\SampleClient.csproj", "{F785D547-CD7B-4330-B7F3-4DFD7B9B15D3}"
EndProject
Project("{9A19103F-16F7-4668-BE54-9A1E7A4F7556}") = "SampleServer", "samples\SampleServer\SampleServer.csproj", "{7A994EE1-EFA3-4D37-A144-EBC3702DF248}"
EndProject
Project("{9A19103F-16F7-4668-BE54-9A1E7A4F7556}") = "Azure.Iot.Operations.Services", "src\Azure.Iot.Operations.Services\Azure.Iot.Operations.Services.csproj", "{B2ABA369-ECCA-409C-9DB2-8E2B22C33075}"
EndProject
Project("{9A19103F-16F7-4668-BE54-9A1E7A4F7556}") = "Azure.Iot.Operations.Services.IntegrationTests", "test\Azure.Iot.Operations.Services.IntegrationTests\Azure.Iot.Operations.Services.IntegrationTests.csproj", "{2CD350E0-E1F6-4CF8-9939-E271EC0EF122}"
EndProject
Project("{9A19103F-16F7-4668-BE54-9A1E7A4F7556}") = "Azure.Iot.Operations.Services.UnitTests", "test\Azure.Iot.Operations.Services.UnitTests\Azure.Iot.Operations.Services.UnitTests.csproj", "{2CAE3E9A-33D8-460C-A006-3E3842100000}"
EndProject
Project("{9A19103F-16F7-4668-BE54-9A1E7A4F7556}") = "LeasedLockSample", "samples\LeasedLockSample\LeasedLockSample.csproj", "{366A99D0-E83C-463A-AF22-D4372937B99F}"
EndProject
Project("{9A19103F-16F7-4668-BE54-9A1E7A4F7556}") = "PassiveReplicationSample", "samples\PassiveReplicationSample\PassiveReplicationSample.csproj", "{8DA92FB2-FCDD-401B-8BCD-2F7BBEF1C5CC}"
EndProject
Project("{9A19103F-16F7-4668-BE54-9A1E7A4F7556}") = "StateStoreClientSample", "samples\StateStoreClientSample\StateStoreClientSample.csproj", "{BE7BA05C-6DFB-4EA2-8718-585126579962}"
EndProject
Project("{9A19103F-16F7-4668-BE54-9A1E7A4F7556}") = "TestEnvoys", "samples\TestEnvoys\TestEnvoys.csproj", "{69BE921B-451E-408E-BC36-D3199716BDB5}"
EndProject
Project("{2150E333-8FDC-42A3-9474-1A3956D46DE8}") = "tests", "tests", "{CE9A7664-594B-43EB-AA48-606B88411FC9}"
EndProject
Project("{9A19103F-16F7-4668-BE54-9A1E7A4F7556}") = "Azure.Iot.Operations.Protocol.MetlTests", "test\Azure.Iot.Operations.Protocol.MetlTests\Azure.Iot.Operations.Protocol.MetlTests.csproj", "{A37BB163-AB37-4F06-9DD1-835E44433A45}"
EndProject
Project("{9A19103F-16F7-4668-BE54-9A1E7A4F7556}") = "SessionClientConnectionManagementSample", "samples\SessionClientConnectionManagementSample\SessionClientConnectionManagementSample.csproj", "{32F177CB-A073-4451-A38A-FEA198A179D0}"
EndProject
Project("{9A19103F-16F7-4668-BE54-9A1E7A4F7556}") = "UserManagedConnectionManagementSample", "samples\UserManagedConnectionManagementSample\UserManagedConnectionManagementSample.csproj", "{270ABF63-E164-407F-8CD6-0A2AA9B0E38A}"
EndProject
Project("{9A19103F-16F7-4668-BE54-9A1E7A4F7556}") = "SchemaRegistrySample", "samples\SchemaRegistrySample\SchemaRegistrySample.csproj", "{4E96146B-B926-4104-90D0-C49F7E0430A0}"
EndProject
Project("{9A19103F-16F7-4668-BE54-9A1E7A4F7556}") = "SampleCloudEvents", "samples\SampleCloudEvents\SampleCloudEvents.csproj", "{7C55A7E7-3D29-4C5C-81C6-EB6EC842C207}"
EndProject
Project("{9A19103F-16F7-4668-BE54-9A1E7A4F7556}") = "SampleReadCloudEvents", "samples\SampleReadCloudEvents\SampleReadCloudEvents.csproj", "{104A36E0-5F69-40D3-BFD9-5E09D4A0B220}"
EndProject
Project("{2150E333-8FDC-42A3-9474-1A3956D46DE8}") = "RPC", "RPC", "{0F2D6563-6660-4FE7-A936-E15CBFBE3BC0}"
EndProject
Project("{9A19103F-16F7-4668-BE54-9A1E7A4F7556}") = "CounterServer", "samples\CounterServer\CounterServer.csproj", "{E5188824-476D-4D82-AF8B-C07C67915D9C}"
EndProject
Project("{9A19103F-16F7-4668-BE54-9A1E7A4F7556}") = "CounterClient", "samples\CounterClient\CounterClient.csproj", "{58B87FE4-538B-4F07-92E8-F2A706B497E2}"
EndProject
Project("{2150E333-8FDC-42A3-9474-1A3956D46DE8}") = "LeaderElection", "LeaderElection", "{65E16F83-925B-4FCB-A6E2-00DF4A262916}"
EndProject
Project("{2150E333-8FDC-42A3-9474-1A3956D46DE8}") = "DSS", "DSS", "{4DDB0B28-1830-4B6F-8A10-FB37874D4D57}"
EndProject
Project("{2150E333-8FDC-42A3-9474-1A3956D46DE8}") = "CloudEvents", "CloudEvents", "{500A5CAA-3B79-46F0-8E9C-6C1D6436F72A}"
EndProject
Project("{9A19103F-16F7-4668-BE54-9A1E7A4F7556}") = "Azure.Iot.Operations.Mqtt", "src\Azure.Iot.Operations.Mqtt\Azure.Iot.Operations.Mqtt.csproj", "{D4804411-6DE8-4FEA-A5EA-6BFA7499ABEE}"
EndProject
Project("{9A19103F-16F7-4668-BE54-9A1E7A4F7556}") = "Azure.Iot.Operations.Mqtt.UnitTests", "test\Azure.Iot.Operations.Mqtt.UnitTests\Azure.Iot.Operations.Mqtt.UnitTests.csproj", "{0636DA59-E153-4F22-9093-3E1E0702B190}"
EndProject
Project("{9A19103F-16F7-4668-BE54-9A1E7A4F7556}") = "Azure.Iot.Operations.Mqtt.IntegrationTests", "test\Azure.Iot.Operations.Mqtt.IntegrationTests\Azure.Iot.Operations.Mqtt.IntegrationTests.csproj", "{278D47EA-8CFA-4493-972B-DA7DD94D06A5}"
EndProject
Project("{2150E333-8FDC-42A3-9474-1A3956D46DE8}") = "tutorials", "tutorials", "{DB2F3D71-6B12-4EB3-9FD7-1F743973BD67}"
EndProject
Project("{9A19103F-16F7-4668-BE54-9A1E7A4F7556}") = "EventDrivenApp", "tutorials\EventDrivenApp\EventDrivenApp.csproj", "{C70F181D-8264-498D-B0B4-671746E0F93B}"
EndProject
Project("{9A19103F-16F7-4668-BE54-9A1E7A4F7556}") = "Azure.Iot.Operations.Connector", "src\Azure.Iot.Operations.Connector\Azure.Iot.Operations.Connector.csproj", "{14D51034-644B-49BA-B50C-54B3885BD293}"
EndProject
Project("{9A19103F-16F7-4668-BE54-9A1E7A4F7556}") = "Azure.Iot.Operations.Connector.UnitTests", "test\Azure.Iot.Operations.Connector.UnitTests\Azure.Iot.Operations.Connector.UnitTests.csproj", "{99113A50-9774-4F42-B18D-5284639194A6}"
EndProject
Project("{2150E333-8FDC-42A3-9474-1A3956D46DE8}") = "templates", "templates", "{4636D1F8-ACA6-4138-8EC0-1FF71CAF3A3B}"
EndProject
Project("{FAE04EC0-301F-11D3-BF4B-00C04F79EFBC}") = "SqlQualityAnalyzerConnectorApp", "samples\SqlConnectorApp\SqlQualityAnalyzerConnectorApp.csproj", "{C75E1DD5-0E63-43CB-A16E-6829231059C1}"
EndProject
Project("{2150E333-8FDC-42A3-9474-1A3956D46DE8}") = "Connectors", "Connectors", "{78562762-96CB-4527-8EE2-43A1CE119A21}"
EndProject
Project("{FAE04EC0-301F-11D3-BF4B-00C04F79EFBC}") = "EventDrivenTelemetryConnector", "templates\EventDrivenTelemetryConnector\EventDrivenTelemetryConnector.csproj", "{A05529AD-2D62-405A-9C2D-A122F837ECBD}"
EndProject
Project("{FAE04EC0-301F-11D3-BF4B-00C04F79EFBC}") = "PollingTelemetryConnector", "templates\PollingTelemetryConnector\PollingTelemetryConnector.csproj", "{1E405525-2F1C-4BB3-B6D2-F493743BE1B8}"
EndProject
Project("{FAE04EC0-301F-11D3-BF4B-00C04F79EFBC}") = "PollingRestThermostatConnector", "samples\PollingRestThermostatConnector\PollingRestThermostatConnector.csproj", "{6D8CEBB2-C805-4B45-AAFB-418B1E558146}"
EndProject
Project("{FAE04EC0-301F-11D3-BF4B-00C04F79EFBC}") = "SampleTcpServiceApp", "samples\SampleTcpServiceApp\SampleTcpServiceApp.csproj", "{566859E0-8783-92AF-29D8-F8C23A802B45}"
EndProject
Project("{FAE04EC0-301F-11D3-BF4B-00C04F79EFBC}") = "EventDrivenTcpThermostatConnector", "samples\EventDrivenTcpThermostatConnector\EventDrivenTcpThermostatConnector.csproj", "{E97EAFE6-F4D8-4B9A-B53C-8A479A9BBFB5}"
EndProject
Project("{FAE04EC0-301F-11D3-BF4B-00C04F79EFBC}") = "StateChangeSample", "samples\StateStoreObserveKeySample\StateChangeSample.csproj", "{4992415C-ABB2-2284-D6CD-8FE01910092F}"
EndProject
Global
	GlobalSection(SolutionConfigurationPlatforms) = preSolution
		Debug|Any CPU = Debug|Any CPU
		Release|Any CPU = Release|Any CPU
	EndGlobalSection
	GlobalSection(ProjectConfigurationPlatforms) = postSolution
		{A9E40F4D-8AC8-4565-A45A-AAD83BF3D4CE}.Debug|Any CPU.ActiveCfg = Debug|Any CPU
		{A9E40F4D-8AC8-4565-A45A-AAD83BF3D4CE}.Debug|Any CPU.Build.0 = Debug|Any CPU
		{A9E40F4D-8AC8-4565-A45A-AAD83BF3D4CE}.Release|Any CPU.ActiveCfg = Release|Any CPU
		{A9E40F4D-8AC8-4565-A45A-AAD83BF3D4CE}.Release|Any CPU.Build.0 = Release|Any CPU
		{E0398C4A-5E7D-4AF3-8F14-B3FF973D8DD4}.Debug|Any CPU.ActiveCfg = Debug|Any CPU
		{E0398C4A-5E7D-4AF3-8F14-B3FF973D8DD4}.Debug|Any CPU.Build.0 = Debug|Any CPU
		{E0398C4A-5E7D-4AF3-8F14-B3FF973D8DD4}.Release|Any CPU.ActiveCfg = Release|Any CPU
		{E0398C4A-5E7D-4AF3-8F14-B3FF973D8DD4}.Release|Any CPU.Build.0 = Release|Any CPU
		{895319CC-F1BD-4CFB-B225-07EBB820E015}.Debug|Any CPU.ActiveCfg = Debug|Any CPU
		{895319CC-F1BD-4CFB-B225-07EBB820E015}.Debug|Any CPU.Build.0 = Debug|Any CPU
		{895319CC-F1BD-4CFB-B225-07EBB820E015}.Release|Any CPU.ActiveCfg = Release|Any CPU
		{895319CC-F1BD-4CFB-B225-07EBB820E015}.Release|Any CPU.Build.0 = Release|Any CPU
		{F785D547-CD7B-4330-B7F3-4DFD7B9B15D3}.Debug|Any CPU.ActiveCfg = Debug|Any CPU
		{F785D547-CD7B-4330-B7F3-4DFD7B9B15D3}.Debug|Any CPU.Build.0 = Debug|Any CPU
		{F785D547-CD7B-4330-B7F3-4DFD7B9B15D3}.Release|Any CPU.ActiveCfg = Release|Any CPU
		{F785D547-CD7B-4330-B7F3-4DFD7B9B15D3}.Release|Any CPU.Build.0 = Release|Any CPU
		{7A994EE1-EFA3-4D37-A144-EBC3702DF248}.Debug|Any CPU.ActiveCfg = Debug|Any CPU
		{7A994EE1-EFA3-4D37-A144-EBC3702DF248}.Debug|Any CPU.Build.0 = Debug|Any CPU
		{7A994EE1-EFA3-4D37-A144-EBC3702DF248}.Release|Any CPU.ActiveCfg = Release|Any CPU
		{7A994EE1-EFA3-4D37-A144-EBC3702DF248}.Release|Any CPU.Build.0 = Release|Any CPU
		{B2ABA369-ECCA-409C-9DB2-8E2B22C33075}.Debug|Any CPU.ActiveCfg = Debug|Any CPU
		{B2ABA369-ECCA-409C-9DB2-8E2B22C33075}.Debug|Any CPU.Build.0 = Debug|Any CPU
		{B2ABA369-ECCA-409C-9DB2-8E2B22C33075}.Release|Any CPU.ActiveCfg = Release|Any CPU
		{B2ABA369-ECCA-409C-9DB2-8E2B22C33075}.Release|Any CPU.Build.0 = Release|Any CPU
		{2CD350E0-E1F6-4CF8-9939-E271EC0EF122}.Debug|Any CPU.ActiveCfg = Debug|Any CPU
		{2CD350E0-E1F6-4CF8-9939-E271EC0EF122}.Debug|Any CPU.Build.0 = Debug|Any CPU
		{2CD350E0-E1F6-4CF8-9939-E271EC0EF122}.Release|Any CPU.ActiveCfg = Release|Any CPU
		{2CD350E0-E1F6-4CF8-9939-E271EC0EF122}.Release|Any CPU.Build.0 = Release|Any CPU
		{2CAE3E9A-33D8-460C-A006-3E3842100000}.Debug|Any CPU.ActiveCfg = Debug|Any CPU
		{2CAE3E9A-33D8-460C-A006-3E3842100000}.Debug|Any CPU.Build.0 = Debug|Any CPU
		{2CAE3E9A-33D8-460C-A006-3E3842100000}.Release|Any CPU.ActiveCfg = Release|Any CPU
		{2CAE3E9A-33D8-460C-A006-3E3842100000}.Release|Any CPU.Build.0 = Release|Any CPU
		{366A99D0-E83C-463A-AF22-D4372937B99F}.Debug|Any CPU.ActiveCfg = Debug|Any CPU
		{366A99D0-E83C-463A-AF22-D4372937B99F}.Debug|Any CPU.Build.0 = Debug|Any CPU
		{366A99D0-E83C-463A-AF22-D4372937B99F}.Release|Any CPU.ActiveCfg = Release|Any CPU
		{366A99D0-E83C-463A-AF22-D4372937B99F}.Release|Any CPU.Build.0 = Release|Any CPU
		{8DA92FB2-FCDD-401B-8BCD-2F7BBEF1C5CC}.Debug|Any CPU.ActiveCfg = Debug|Any CPU
		{8DA92FB2-FCDD-401B-8BCD-2F7BBEF1C5CC}.Debug|Any CPU.Build.0 = Debug|Any CPU
		{8DA92FB2-FCDD-401B-8BCD-2F7BBEF1C5CC}.Release|Any CPU.ActiveCfg = Release|Any CPU
		{8DA92FB2-FCDD-401B-8BCD-2F7BBEF1C5CC}.Release|Any CPU.Build.0 = Release|Any CPU
		{BE7BA05C-6DFB-4EA2-8718-585126579962}.Debug|Any CPU.ActiveCfg = Debug|Any CPU
		{BE7BA05C-6DFB-4EA2-8718-585126579962}.Debug|Any CPU.Build.0 = Debug|Any CPU
		{BE7BA05C-6DFB-4EA2-8718-585126579962}.Release|Any CPU.ActiveCfg = Release|Any CPU
		{BE7BA05C-6DFB-4EA2-8718-585126579962}.Release|Any CPU.Build.0 = Release|Any CPU
		{69BE921B-451E-408E-BC36-D3199716BDB5}.Debug|Any CPU.ActiveCfg = Debug|Any CPU
		{69BE921B-451E-408E-BC36-D3199716BDB5}.Debug|Any CPU.Build.0 = Debug|Any CPU
		{69BE921B-451E-408E-BC36-D3199716BDB5}.Release|Any CPU.ActiveCfg = Release|Any CPU
		{69BE921B-451E-408E-BC36-D3199716BDB5}.Release|Any CPU.Build.0 = Release|Any CPU
		{A37BB163-AB37-4F06-9DD1-835E44433A45}.Debug|Any CPU.ActiveCfg = Debug|Any CPU
		{A37BB163-AB37-4F06-9DD1-835E44433A45}.Debug|Any CPU.Build.0 = Debug|Any CPU
		{A37BB163-AB37-4F06-9DD1-835E44433A45}.Release|Any CPU.ActiveCfg = Release|Any CPU
		{A37BB163-AB37-4F06-9DD1-835E44433A45}.Release|Any CPU.Build.0 = Release|Any CPU
		{32F177CB-A073-4451-A38A-FEA198A179D0}.Debug|Any CPU.ActiveCfg = Debug|Any CPU
		{32F177CB-A073-4451-A38A-FEA198A179D0}.Debug|Any CPU.Build.0 = Debug|Any CPU
		{32F177CB-A073-4451-A38A-FEA198A179D0}.Release|Any CPU.ActiveCfg = Release|Any CPU
		{32F177CB-A073-4451-A38A-FEA198A179D0}.Release|Any CPU.Build.0 = Release|Any CPU
		{270ABF63-E164-407F-8CD6-0A2AA9B0E38A}.Debug|Any CPU.ActiveCfg = Debug|Any CPU
		{270ABF63-E164-407F-8CD6-0A2AA9B0E38A}.Debug|Any CPU.Build.0 = Debug|Any CPU
		{270ABF63-E164-407F-8CD6-0A2AA9B0E38A}.Release|Any CPU.ActiveCfg = Release|Any CPU
		{270ABF63-E164-407F-8CD6-0A2AA9B0E38A}.Release|Any CPU.Build.0 = Release|Any CPU
		{4E96146B-B926-4104-90D0-C49F7E0430A0}.Debug|Any CPU.ActiveCfg = Debug|Any CPU
		{4E96146B-B926-4104-90D0-C49F7E0430A0}.Debug|Any CPU.Build.0 = Debug|Any CPU
		{4E96146B-B926-4104-90D0-C49F7E0430A0}.Release|Any CPU.ActiveCfg = Release|Any CPU
		{4E96146B-B926-4104-90D0-C49F7E0430A0}.Release|Any CPU.Build.0 = Release|Any CPU
		{7C55A7E7-3D29-4C5C-81C6-EB6EC842C207}.Debug|Any CPU.ActiveCfg = Debug|Any CPU
		{7C55A7E7-3D29-4C5C-81C6-EB6EC842C207}.Debug|Any CPU.Build.0 = Debug|Any CPU
		{7C55A7E7-3D29-4C5C-81C6-EB6EC842C207}.Release|Any CPU.ActiveCfg = Release|Any CPU
		{7C55A7E7-3D29-4C5C-81C6-EB6EC842C207}.Release|Any CPU.Build.0 = Release|Any CPU
		{104A36E0-5F69-40D3-BFD9-5E09D4A0B220}.Debug|Any CPU.ActiveCfg = Debug|Any CPU
		{104A36E0-5F69-40D3-BFD9-5E09D4A0B220}.Debug|Any CPU.Build.0 = Debug|Any CPU
		{104A36E0-5F69-40D3-BFD9-5E09D4A0B220}.Release|Any CPU.ActiveCfg = Release|Any CPU
		{104A36E0-5F69-40D3-BFD9-5E09D4A0B220}.Release|Any CPU.Build.0 = Release|Any CPU
		{E5188824-476D-4D82-AF8B-C07C67915D9C}.Debug|Any CPU.ActiveCfg = Debug|Any CPU
		{E5188824-476D-4D82-AF8B-C07C67915D9C}.Debug|Any CPU.Build.0 = Debug|Any CPU
		{E5188824-476D-4D82-AF8B-C07C67915D9C}.Release|Any CPU.ActiveCfg = Release|Any CPU
		{E5188824-476D-4D82-AF8B-C07C67915D9C}.Release|Any CPU.Build.0 = Release|Any CPU
		{58B87FE4-538B-4F07-92E8-F2A706B497E2}.Debug|Any CPU.ActiveCfg = Debug|Any CPU
		{58B87FE4-538B-4F07-92E8-F2A706B497E2}.Debug|Any CPU.Build.0 = Debug|Any CPU
		{58B87FE4-538B-4F07-92E8-F2A706B497E2}.Release|Any CPU.ActiveCfg = Release|Any CPU
		{58B87FE4-538B-4F07-92E8-F2A706B497E2}.Release|Any CPU.Build.0 = Release|Any CPU
		{D4804411-6DE8-4FEA-A5EA-6BFA7499ABEE}.Debug|Any CPU.ActiveCfg = Debug|Any CPU
		{D4804411-6DE8-4FEA-A5EA-6BFA7499ABEE}.Debug|Any CPU.Build.0 = Debug|Any CPU
		{D4804411-6DE8-4FEA-A5EA-6BFA7499ABEE}.Release|Any CPU.ActiveCfg = Release|Any CPU
		{D4804411-6DE8-4FEA-A5EA-6BFA7499ABEE}.Release|Any CPU.Build.0 = Release|Any CPU
		{0636DA59-E153-4F22-9093-3E1E0702B190}.Debug|Any CPU.ActiveCfg = Debug|Any CPU
		{0636DA59-E153-4F22-9093-3E1E0702B190}.Debug|Any CPU.Build.0 = Debug|Any CPU
		{0636DA59-E153-4F22-9093-3E1E0702B190}.Release|Any CPU.ActiveCfg = Release|Any CPU
		{0636DA59-E153-4F22-9093-3E1E0702B190}.Release|Any CPU.Build.0 = Release|Any CPU
		{278D47EA-8CFA-4493-972B-DA7DD94D06A5}.Debug|Any CPU.ActiveCfg = Debug|Any CPU
		{278D47EA-8CFA-4493-972B-DA7DD94D06A5}.Debug|Any CPU.Build.0 = Debug|Any CPU
		{278D47EA-8CFA-4493-972B-DA7DD94D06A5}.Release|Any CPU.ActiveCfg = Release|Any CPU
		{278D47EA-8CFA-4493-972B-DA7DD94D06A5}.Release|Any CPU.Build.0 = Release|Any CPU
		{C70F181D-8264-498D-B0B4-671746E0F93B}.Debug|Any CPU.ActiveCfg = Debug|Any CPU
		{C70F181D-8264-498D-B0B4-671746E0F93B}.Debug|Any CPU.Build.0 = Debug|Any CPU
		{C70F181D-8264-498D-B0B4-671746E0F93B}.Release|Any CPU.ActiveCfg = Release|Any CPU
		{C70F181D-8264-498D-B0B4-671746E0F93B}.Release|Any CPU.Build.0 = Release|Any CPU
		{14D51034-644B-49BA-B50C-54B3885BD293}.Debug|Any CPU.ActiveCfg = Debug|Any CPU
		{14D51034-644B-49BA-B50C-54B3885BD293}.Debug|Any CPU.Build.0 = Debug|Any CPU
		{14D51034-644B-49BA-B50C-54B3885BD293}.Release|Any CPU.ActiveCfg = Release|Any CPU
		{14D51034-644B-49BA-B50C-54B3885BD293}.Release|Any CPU.Build.0 = Release|Any CPU
		{99113A50-9774-4F42-B18D-5284639194A6}.Debug|Any CPU.ActiveCfg = Debug|Any CPU
		{99113A50-9774-4F42-B18D-5284639194A6}.Debug|Any CPU.Build.0 = Debug|Any CPU
		{99113A50-9774-4F42-B18D-5284639194A6}.Release|Any CPU.ActiveCfg = Release|Any CPU
		{99113A50-9774-4F42-B18D-5284639194A6}.Release|Any CPU.Build.0 = Release|Any CPU
		{C75E1DD5-0E63-43CB-A16E-6829231059C1}.Debug|Any CPU.ActiveCfg = Debug|Any CPU
		{C75E1DD5-0E63-43CB-A16E-6829231059C1}.Debug|Any CPU.Build.0 = Debug|Any CPU
		{C75E1DD5-0E63-43CB-A16E-6829231059C1}.Release|Any CPU.ActiveCfg = Release|Any CPU
		{C75E1DD5-0E63-43CB-A16E-6829231059C1}.Release|Any CPU.Build.0 = Release|Any CPU
		{A05529AD-2D62-405A-9C2D-A122F837ECBD}.Debug|Any CPU.ActiveCfg = Debug|Any CPU
		{A05529AD-2D62-405A-9C2D-A122F837ECBD}.Debug|Any CPU.Build.0 = Debug|Any CPU
		{A05529AD-2D62-405A-9C2D-A122F837ECBD}.Release|Any CPU.ActiveCfg = Release|Any CPU
		{A05529AD-2D62-405A-9C2D-A122F837ECBD}.Release|Any CPU.Build.0 = Release|Any CPU
		{1E405525-2F1C-4BB3-B6D2-F493743BE1B8}.Debug|Any CPU.ActiveCfg = Debug|Any CPU
		{1E405525-2F1C-4BB3-B6D2-F493743BE1B8}.Debug|Any CPU.Build.0 = Debug|Any CPU
		{1E405525-2F1C-4BB3-B6D2-F493743BE1B8}.Release|Any CPU.ActiveCfg = Release|Any CPU
		{1E405525-2F1C-4BB3-B6D2-F493743BE1B8}.Release|Any CPU.Build.0 = Release|Any CPU
		{6D8CEBB2-C805-4B45-AAFB-418B1E558146}.Debug|Any CPU.ActiveCfg = Debug|Any CPU
		{6D8CEBB2-C805-4B45-AAFB-418B1E558146}.Debug|Any CPU.Build.0 = Debug|Any CPU
		{6D8CEBB2-C805-4B45-AAFB-418B1E558146}.Release|Any CPU.ActiveCfg = Release|Any CPU
		{6D8CEBB2-C805-4B45-AAFB-418B1E558146}.Release|Any CPU.Build.0 = Release|Any CPU
		{566859E0-8783-92AF-29D8-F8C23A802B45}.Debug|Any CPU.ActiveCfg = Debug|Any CPU
		{566859E0-8783-92AF-29D8-F8C23A802B45}.Debug|Any CPU.Build.0 = Debug|Any CPU
		{566859E0-8783-92AF-29D8-F8C23A802B45}.Release|Any CPU.ActiveCfg = Release|Any CPU
		{566859E0-8783-92AF-29D8-F8C23A802B45}.Release|Any CPU.Build.0 = Release|Any CPU
		{E97EAFE6-F4D8-4B9A-B53C-8A479A9BBFB5}.Debug|Any CPU.ActiveCfg = Debug|Any CPU
		{E97EAFE6-F4D8-4B9A-B53C-8A479A9BBFB5}.Debug|Any CPU.Build.0 = Debug|Any CPU
		{E97EAFE6-F4D8-4B9A-B53C-8A479A9BBFB5}.Release|Any CPU.ActiveCfg = Release|Any CPU
		{E97EAFE6-F4D8-4B9A-B53C-8A479A9BBFB5}.Release|Any CPU.Build.0 = Release|Any CPU
		{4992415C-ABB2-2284-D6CD-8FE01910092F}.Debug|Any CPU.ActiveCfg = Debug|Any CPU
		{4992415C-ABB2-2284-D6CD-8FE01910092F}.Debug|Any CPU.Build.0 = Debug|Any CPU
		{4992415C-ABB2-2284-D6CD-8FE01910092F}.Release|Any CPU.ActiveCfg = Release|Any CPU
		{4992415C-ABB2-2284-D6CD-8FE01910092F}.Release|Any CPU.Build.0 = Release|Any CPU
	EndGlobalSection
	GlobalSection(SolutionProperties) = preSolution
		HideSolutionNode = FALSE
	EndGlobalSection
	GlobalSection(NestedProjects) = preSolution
		{A9E40F4D-8AC8-4565-A45A-AAD83BF3D4CE} = {1A010448-5B06-42B9-95FE-C31008C700FB}
		{E0398C4A-5E7D-4AF3-8F14-B3FF973D8DD4} = {CE9A7664-594B-43EB-AA48-606B88411FC9}
		{895319CC-F1BD-4CFB-B225-07EBB820E015} = {CE9A7664-594B-43EB-AA48-606B88411FC9}
		{F785D547-CD7B-4330-B7F3-4DFD7B9B15D3} = {9126F576-80AE-48DC-8A84-EFC8B487D809}
		{7A994EE1-EFA3-4D37-A144-EBC3702DF248} = {9126F576-80AE-48DC-8A84-EFC8B487D809}
		{B2ABA369-ECCA-409C-9DB2-8E2B22C33075} = {1A010448-5B06-42B9-95FE-C31008C700FB}
		{2CD350E0-E1F6-4CF8-9939-E271EC0EF122} = {CE9A7664-594B-43EB-AA48-606B88411FC9}
		{2CAE3E9A-33D8-460C-A006-3E3842100000} = {CE9A7664-594B-43EB-AA48-606B88411FC9}
		{366A99D0-E83C-463A-AF22-D4372937B99F} = {65E16F83-925B-4FCB-A6E2-00DF4A262916}
		{8DA92FB2-FCDD-401B-8BCD-2F7BBEF1C5CC} = {65E16F83-925B-4FCB-A6E2-00DF4A262916}
		{BE7BA05C-6DFB-4EA2-8718-585126579962} = {4DDB0B28-1830-4B6F-8A10-FB37874D4D57}
		{69BE921B-451E-408E-BC36-D3199716BDB5} = {9126F576-80AE-48DC-8A84-EFC8B487D809}
		{A37BB163-AB37-4F06-9DD1-835E44433A45} = {CE9A7664-594B-43EB-AA48-606B88411FC9}
		{32F177CB-A073-4451-A38A-FEA198A179D0} = {9126F576-80AE-48DC-8A84-EFC8B487D809}
		{270ABF63-E164-407F-8CD6-0A2AA9B0E38A} = {9126F576-80AE-48DC-8A84-EFC8B487D809}
		{4E96146B-B926-4104-90D0-C49F7E0430A0} = {9126F576-80AE-48DC-8A84-EFC8B487D809}
		{7C55A7E7-3D29-4C5C-81C6-EB6EC842C207} = {500A5CAA-3B79-46F0-8E9C-6C1D6436F72A}
		{104A36E0-5F69-40D3-BFD9-5E09D4A0B220} = {500A5CAA-3B79-46F0-8E9C-6C1D6436F72A}
		{0F2D6563-6660-4FE7-A936-E15CBFBE3BC0} = {9126F576-80AE-48DC-8A84-EFC8B487D809}
		{E5188824-476D-4D82-AF8B-C07C67915D9C} = {0F2D6563-6660-4FE7-A936-E15CBFBE3BC0}
		{58B87FE4-538B-4F07-92E8-F2A706B497E2} = {0F2D6563-6660-4FE7-A936-E15CBFBE3BC0}
		{65E16F83-925B-4FCB-A6E2-00DF4A262916} = {9126F576-80AE-48DC-8A84-EFC8B487D809}
		{4DDB0B28-1830-4B6F-8A10-FB37874D4D57} = {9126F576-80AE-48DC-8A84-EFC8B487D809}
		{500A5CAA-3B79-46F0-8E9C-6C1D6436F72A} = {9126F576-80AE-48DC-8A84-EFC8B487D809}
		{D4804411-6DE8-4FEA-A5EA-6BFA7499ABEE} = {1A010448-5B06-42B9-95FE-C31008C700FB}
		{0636DA59-E153-4F22-9093-3E1E0702B190} = {CE9A7664-594B-43EB-AA48-606B88411FC9}
		{278D47EA-8CFA-4493-972B-DA7DD94D06A5} = {CE9A7664-594B-43EB-AA48-606B88411FC9}
		{C70F181D-8264-498D-B0B4-671746E0F93B} = {DB2F3D71-6B12-4EB3-9FD7-1F743973BD67}
		{14D51034-644B-49BA-B50C-54B3885BD293} = {1A010448-5B06-42B9-95FE-C31008C700FB}
		{99113A50-9774-4F42-B18D-5284639194A6} = {CE9A7664-594B-43EB-AA48-606B88411FC9}
		{C75E1DD5-0E63-43CB-A16E-6829231059C1} = {78562762-96CB-4527-8EE2-43A1CE119A21}
		{78562762-96CB-4527-8EE2-43A1CE119A21} = {9126F576-80AE-48DC-8A84-EFC8B487D809}
		{A05529AD-2D62-405A-9C2D-A122F837ECBD} = {4636D1F8-ACA6-4138-8EC0-1FF71CAF3A3B}
		{1E405525-2F1C-4BB3-B6D2-F493743BE1B8} = {4636D1F8-ACA6-4138-8EC0-1FF71CAF3A3B}
		{6D8CEBB2-C805-4B45-AAFB-418B1E558146} = {78562762-96CB-4527-8EE2-43A1CE119A21}
		{566859E0-8783-92AF-29D8-F8C23A802B45} = {78562762-96CB-4527-8EE2-43A1CE119A21}
		{E97EAFE6-F4D8-4B9A-B53C-8A479A9BBFB5} = {78562762-96CB-4527-8EE2-43A1CE119A21}
		{4992415C-ABB2-2284-D6CD-8FE01910092F} = {4DDB0B28-1830-4B6F-8A10-FB37874D4D57}
	EndGlobalSection
	GlobalSection(ExtensibilityGlobals) = postSolution
		SolutionGuid = {F2687BCD-45E3-4094-9656-BF183C816BA0}
	EndGlobalSection
EndGlobal
